// !$*UTF8*$!
{
	archiveVersion = 1;
	classes = {
	};
	objectVersion = 50;
	objects = {

/* Begin PBXBuildFile section */
		266E417721C305BA00F02A7A /* AppDelegate.swift in Sources */ = {isa = PBXBuildFile; fileRef = 266E417621C305BA00F02A7A /* AppDelegate.swift */; };
		266E417C21C305BA00F02A7A /* Main.storyboard in Resources */ = {isa = PBXBuildFile; fileRef = 266E417A21C305BA00F02A7A /* Main.storyboard */; };
		266E417E21C305BC00F02A7A /* Assets.xcassets in Resources */ = {isa = PBXBuildFile; fileRef = 266E417D21C305BC00F02A7A /* Assets.xcassets */; };
		266E418121C305BC00F02A7A /* LaunchScreen.storyboard in Resources */ = {isa = PBXBuildFile; fileRef = 266E417F21C305BC00F02A7A /* LaunchScreen.storyboard */; };
		266E418A21C3084000F02A7A /* Representative.swift in Sources */ = {isa = PBXBuildFile; fileRef = 266E418921C3084000F02A7A /* Representative.swift */; };
		266E418D21C30B4500F02A7A /* RepresentativeController.swift in Sources */ = {isa = PBXBuildFile; fileRef = 266E418C21C30B4500F02A7A /* RepresentativeController.swift */; };
		266E419021C31BCB00F02A7A /* States.swift in Sources */ = {isa = PBXBuildFile; fileRef = 266E418F21C31BCB00F02A7A /* States.swift */; };
		266E419221C31C3100F02A7A /* StateListTableViewController.swift in Sources */ = {isa = PBXBuildFile; fileRef = 266E419121C31C3100F02A7A /* StateListTableViewController.swift */; };
		266E419521C31F6900F02A7A /* StateDetailTableViewController.swift in Sources */ = {isa = PBXBuildFile; fileRef = 266E419421C31F6900F02A7A /* StateDetailTableViewController.swift */; };
		266E419721C31FD400F02A7A /* RepresentativeTableViewCell.swift in Sources */ = {isa = PBXBuildFile; fileRef = 266E419621C31FD400F02A7A /* RepresentativeTableViewCell.swift */; };
/* End PBXBuildFile section */

/* Begin PBXFileReference section */
		266E417321C305BA00F02A7A /* RepresentativeProject.app */ = {isa = PBXFileReference; explicitFileType = wrapper.application; includeInIndex = 0; path = RepresentativeProject.app; sourceTree = BUILT_PRODUCTS_DIR; };
		266E417621C305BA00F02A7A /* AppDelegate.swift */ = {isa = PBXFileReference; lastKnownFileType = sourcecode.swift; path = AppDelegate.swift; sourceTree = "<group>"; };
		266E417B21C305BA00F02A7A /* Base */ = {isa = PBXFileReference; lastKnownFileType = file.storyboard; name = Base; path = Base.lproj/Main.storyboard; sourceTree = "<group>"; };
		266E417D21C305BC00F02A7A /* Assets.xcassets */ = {isa = PBXFileReference; lastKnownFileType = folder.assetcatalog; path = Assets.xcassets; sourceTree = "<group>"; };
		266E418021C305BC00F02A7A /* Base */ = {isa = PBXFileReference; lastKnownFileType = file.storyboard; name = Base; path = Base.lproj/LaunchScreen.storyboard; sourceTree = "<group>"; };
		266E418221C305BC00F02A7A /* Info.plist */ = {isa = PBXFileReference; lastKnownFileType = text.plist.xml; path = Info.plist; sourceTree = "<group>"; };
		266E418921C3084000F02A7A /* Representative.swift */ = {isa = PBXFileReference; lastKnownFileType = sourcecode.swift; path = Representative.swift; sourceTree = "<group>"; };
		266E418C21C30B4500F02A7A /* RepresentativeController.swift */ = {isa = PBXFileReference; lastKnownFileType = sourcecode.swift; path = RepresentativeController.swift; sourceTree = "<group>"; };
		266E418F21C31BCB00F02A7A /* States.swift */ = {isa = PBXFileReference; lastKnownFileType = sourcecode.swift; path = States.swift; sourceTree = "<group>"; };
		266E419121C31C3100F02A7A /* StateListTableViewController.swift */ = {isa = PBXFileReference; lastKnownFileType = sourcecode.swift; path = StateListTableViewController.swift; sourceTree = "<group>"; };
		266E419421C31F6900F02A7A /* StateDetailTableViewController.swift */ = {isa = PBXFileReference; lastKnownFileType = sourcecode.swift; path = StateDetailTableViewController.swift; sourceTree = "<group>"; };
		266E419621C31FD400F02A7A /* RepresentativeTableViewCell.swift */ = {isa = PBXFileReference; lastKnownFileType = sourcecode.swift; path = RepresentativeTableViewCell.swift; sourceTree = "<group>"; };
/* End PBXFileReference section */

/* Begin PBXFrameworksBuildPhase section */
		266E417021C305BA00F02A7A /* Frameworks */ = {
			isa = PBXFrameworksBuildPhase;
			buildActionMask = 2147483647;
			files = (
			);
			runOnlyForDeploymentPostprocessing = 0;
		};
/* End PBXFrameworksBuildPhase section */

/* Begin PBXGroup section */
		266E416A21C305BA00F02A7A = {
			isa = PBXGroup;
			children = (
				266E417521C305BA00F02A7A /* RepresentativeProject */,
				266E417421C305BA00F02A7A /* Products */,
			);
			sourceTree = "<group>";
		};
		266E417421C305BA00F02A7A /* Products */ = {
			isa = PBXGroup;
			children = (
				266E417321C305BA00F02A7A /* RepresentativeProject.app */,
			);
			name = Products;
			sourceTree = "<group>";
		};
		266E417521C305BA00F02A7A /* RepresentativeProject */ = {
			isa = PBXGroup;
			children = (
				266E417621C305BA00F02A7A /* AppDelegate.swift */,
				266E419821C3207700F02A7A /* View */,
				266E419321C31CAA00F02A7A /* ViewController */,
				266E418E21C30B8700F02A7A /* ModelController */,
				266E418B21C30B2300F02A7A /* Model */,
				266E418821C3079600F02A7A /* Resources */,
			);
			path = RepresentativeProject;
			sourceTree = "<group>";
		};
		266E418821C3079600F02A7A /* Resources */ = {
			isa = PBXGroup;
			children = (
				266E417A21C305BA00F02A7A /* Main.storyboard */,
				266E417D21C305BC00F02A7A /* Assets.xcassets */,
				266E417F21C305BC00F02A7A /* LaunchScreen.storyboard */,
				266E418221C305BC00F02A7A /* Info.plist */,
			);
			path = Resources;
			sourceTree = "<group>";
		};
		266E418B21C30B2300F02A7A /* Model */ = {
			isa = PBXGroup;
			children = (
				266E418921C3084000F02A7A /* Representative.swift */,
				266E418F21C31BCB00F02A7A /* States.swift */,
			);
			path = Model;
			sourceTree = "<group>";
		};
		266E418E21C30B8700F02A7A /* ModelController */ = {
			isa = PBXGroup;
			children = (
				266E418C21C30B4500F02A7A /* RepresentativeController.swift */,
			);
			path = ModelController;
			sourceTree = "<group>";
		};
		266E419321C31CAA00F02A7A /* ViewController */ = {
			isa = PBXGroup;
			children = (
				266E419121C31C3100F02A7A /* StateListTableViewController.swift */,
				266E419421C31F6900F02A7A /* StateDetailTableViewController.swift */,
			);
			path = ViewController;
			sourceTree = "<group>";
		};
		266E419821C3207700F02A7A /* View */ = {
			isa = PBXGroup;
			children = (
				266E419621C31FD400F02A7A /* RepresentativeTableViewCell.swift */,
			);
			path = View;
			sourceTree = "<group>";
		};
/* End PBXGroup section */

/* Begin PBXNativeTarget section */
		266E417221C305BA00F02A7A /* RepresentativeProject */ = {
			isa = PBXNativeTarget;
			buildConfigurationList = 266E418521C305BC00F02A7A /* Build configuration list for PBXNativeTarget "RepresentativeProject" */;
			buildPhases = (
				266E416F21C305BA00F02A7A /* Sources */,
				266E417021C305BA00F02A7A /* Frameworks */,
				266E417121C305BA00F02A7A /* Resources */,
			);
			buildRules = (
			);
			dependencies = (
			);
			name = RepresentativeProject;
			productName = RepresentativeProject;
			productReference = 266E417321C305BA00F02A7A /* RepresentativeProject.app */;
			productType = "com.apple.product-type.application";
		};
/* End PBXNativeTarget section */

/* Begin PBXProject section */
		266E416B21C305BA00F02A7A /* Project object */ = {
			isa = PBXProject;
			attributes = {
				LastSwiftUpdateCheck = 1010;
				LastUpgradeCheck = 1010;
				ORGANIZATIONNAME = Brady;
				TargetAttributes = {
					266E417221C305BA00F02A7A = {
						CreatedOnToolsVersion = 10.1;
					};
				};
			};
			buildConfigurationList = 266E416E21C305BA00F02A7A /* Build configuration list for PBXProject "RepresentativeProject" */;
			compatibilityVersion = "Xcode 9.3";
			developmentRegion = en;
			hasScannedForEncodings = 0;
			knownRegions = (
				en,
				Base,
			);
			mainGroup = 266E416A21C305BA00F02A7A;
			productRefGroup = 266E417421C305BA00F02A7A /* Products */;
			projectDirPath = "";
			projectRoot = "";
			targets = (
				266E417221C305BA00F02A7A /* RepresentativeProject */,
			);
		};
/* End PBXProject section */

/* Begin PBXResourcesBuildPhase section */
		266E417121C305BA00F02A7A /* Resources */ = {
			isa = PBXResourcesBuildPhase;
			buildActionMask = 2147483647;
			files = (
				266E418121C305BC00F02A7A /* LaunchScreen.storyboard in Resources */,
				266E417E21C305BC00F02A7A /* Assets.xcassets in Resources */,
				266E417C21C305BA00F02A7A /* Main.storyboard in Resources */,
			);
			runOnlyForDeploymentPostprocessing = 0;
		};
/* End PBXResourcesBuildPhase section */

/* Begin PBXSourcesBuildPhase section */
		266E416F21C305BA00F02A7A /* Sources */ = {
			isa = PBXSourcesBuildPhase;
			buildActionMask = 2147483647;
			files = (
				266E419721C31FD400F02A7A /* RepresentativeTableViewCell.swift in Sources */,
				266E418A21C3084000F02A7A /* Representative.swift in Sources */,
				266E418D21C30B4500F02A7A /* RepresentativeController.swift in Sources */,
				266E419521C31F6900F02A7A /* StateDetailTableViewController.swift in Sources */,
				266E417721C305BA00F02A7A /* AppDelegate.swift in Sources */,
				266E419221C31C3100F02A7A /* StateListTableViewController.swift in Sources */,
				266E419021C31BCB00F02A7A /* States.swift in Sources */,
			);
			runOnlyForDeploymentPostprocessing = 0;
		};
/* End PBXSourcesBuildPhase section */

/* Begin PBXVariantGroup section */
		266E417A21C305BA00F02A7A /* Main.storyboard */ = {
			isa = PBXVariantGroup;
			children = (
				266E417B21C305BA00F02A7A /* Base */,
			);
			name = Main.storyboard;
			sourceTree = "<group>";
		};
		266E417F21C305BC00F02A7A /* LaunchScreen.storyboard */ = {
			isa = PBXVariantGroup;
			children = (
				266E418021C305BC00F02A7A /* Base */,
			);
			name = LaunchScreen.storyboard;
			sourceTree = "<group>";
		};
/* End PBXVariantGroup section */

/* Begin XCBuildConfiguration section */
		266E418321C305BC00F02A7A /* Debug */ = {
			isa = XCBuildConfiguration;
			buildSettings = {
				ALWAYS_SEARCH_USER_PATHS = NO;
				CLANG_ANALYZER_NONNULL = YES;
				CLANG_ANALYZER_NUMBER_OBJECT_CONVERSION = YES_AGGRESSIVE;
				CLANG_CXX_LANGUAGE_STANDARD = "gnu++14";
				CLANG_CXX_LIBRARY = "libc++";
				CLANG_ENABLE_MODULES = YES;
				CLANG_ENABLE_OBJC_ARC = YES;
				CLANG_ENABLE_OBJC_WEAK = YES;
				CLANG_WARN_BLOCK_CAPTURE_AUTORELEASING = YES;
				CLANG_WARN_BOOL_CONVERSION = YES;
				CLANG_WARN_COMMA = YES;
				CLANG_WARN_CONSTANT_CONVERSION = YES;
				CLANG_WARN_DEPRECATED_OBJC_IMPLEMENTATIONS = YES;
				CLANG_WARN_DIRECT_OBJC_ISA_USAGE = YES_ERROR;
				CLANG_WARN_DOCUMENTATION_COMMENTS = YES;
				CLANG_WARN_EMPTY_BODY = YES;
				CLANG_WARN_ENUM_CONVERSION = YES;
				CLANG_WARN_INFINITE_RECURSION = YES;
				CLANG_WARN_INT_CONVERSION = YES;
				CLANG_WARN_NON_LITERAL_NULL_CONVERSION = YES;
				CLANG_WARN_OBJC_IMPLICIT_RETAIN_SELF = YES;
				CLANG_WARN_OBJC_LITERAL_CONVERSION = YES;
				CLANG_WARN_OBJC_ROOT_CLASS = YES_ERROR;
				CLANG_WARN_RANGE_LOOP_ANALYSIS = YES;
				CLANG_WARN_STRICT_PROTOTYPES = YES;
				CLANG_WARN_SUSPICIOUS_MOVE = YES;
				CLANG_WARN_UNGUARDED_AVAILABILITY = YES_AGGRESSIVE;
				CLANG_WARN_UNREACHABLE_CODE = YES;
				CLANG_WARN__DUPLICATE_METHOD_MATCH = YES;
				CODE_SIGN_IDENTITY = "iPhone Developer";
				COPY_PHASE_STRIP = NO;
				DEBUG_INFORMATION_FORMAT = dwarf;
				ENABLE_STRICT_OBJC_MSGSEND = YES;
				ENABLE_TESTABILITY = YES;
				GCC_C_LANGUAGE_STANDARD = gnu11;
				GCC_DYNAMIC_NO_PIC = NO;
				GCC_NO_COMMON_BLOCKS = YES;
				GCC_OPTIMIZATION_LEVEL = 0;
				GCC_PREPROCESSOR_DEFINITIONS = (
					"DEBUG=1",
					"$(inherited)",
				);
				GCC_WARN_64_TO_32_BIT_CONVERSION = YES;
				GCC_WARN_ABOUT_RETURN_TYPE = YES_ERROR;
				GCC_WARN_UNDECLARED_SELECTOR = YES;
				GCC_WARN_UNINITIALIZED_AUTOS = YES_AGGRESSIVE;
				GCC_WARN_UNUSED_FUNCTION = YES;
				GCC_WARN_UNUSED_VARIABLE = YES;
				IPHONEOS_DEPLOYMENT_TARGET = 12.1;
				MTL_ENABLE_DEBUG_INFO = INCLUDE_SOURCE;
				MTL_FAST_MATH = YES;
				ONLY_ACTIVE_ARCH = YES;
				SDKROOT = iphoneos;
				SWIFT_ACTIVE_COMPILATION_CONDITIONS = DEBUG;
				SWIFT_OPTIMIZATION_LEVEL = "-Onone";
			};
			name = Debug;
		};
		266E418421C305BC00F02A7A /* Release */ = {
			isa = XCBuildConfiguration;
			buildSettings = {
				ALWAYS_SEARCH_USER_PATHS = NO;
				CLANG_ANALYZER_NONNULL = YES;
				CLANG_ANALYZER_NUMBER_OBJECT_CONVERSION = YES_AGGRESSIVE;
				CLANG_CXX_LANGUAGE_STANDARD = "gnu++14";
				CLANG_CXX_LIBRARY = "libc++";
				CLANG_ENABLE_MODULES = YES;
				CLANG_ENABLE_OBJC_ARC = YES;
				CLANG_ENABLE_OBJC_WEAK = YES;
				CLANG_WARN_BLOCK_CAPTURE_AUTORELEASING = YES;
				CLANG_WARN_BOOL_CONVERSION = YES;
				CLANG_WARN_COMMA = YES;
				CLANG_WARN_CONSTANT_CONVERSION = YES;
				CLANG_WARN_DEPRECATED_OBJC_IMPLEMENTATIONS = YES;
				CLANG_WARN_DIRECT_OBJC_ISA_USAGE = YES_ERROR;
				CLANG_WARN_DOCUMENTATION_COMMENTS = YES;
				CLANG_WARN_EMPTY_BODY = YES;
				CLANG_WARN_ENUM_CONVERSION = YES;
				CLANG_WARN_INFINITE_RECURSION = YES;
				CLANG_WARN_INT_CONVERSION = YES;
				CLANG_WARN_NON_LITERAL_NULL_CONVERSION = YES;
				CLANG_WARN_OBJC_IMPLICIT_RETAIN_SELF = YES;
				CLANG_WARN_OBJC_LITERAL_CONVERSION = YES;
				CLANG_WARN_OBJC_ROOT_CLASS = YES_ERROR;
				CLANG_WARN_RANGE_LOOP_ANALYSIS = YES;
				CLANG_WARN_STRICT_PROTOTYPES = YES;
				CLANG_WARN_SUSPICIOUS_MOVE = YES;
				CLANG_WARN_UNGUARDED_AVAILABILITY = YES_AGGRESSIVE;
				CLANG_WARN_UNREACHABLE_CODE = YES;
				CLANG_WARN__DUPLICATE_METHOD_MATCH = YES;
				CODE_SIGN_IDENTITY = "iPhone Developer";
				COPY_PHASE_STRIP = NO;
				DEBUG_INFORMATION_FORMAT = "dwarf-with-dsym";
				ENABLE_NS_ASSERTIONS = NO;
				ENABLE_STRICT_OBJC_MSGSEND = YES;
				GCC_C_LANGUAGE_STANDARD = gnu11;
				GCC_NO_COMMON_BLOCKS = YES;
				GCC_WARN_64_TO_32_BIT_CONVERSION = YES;
				GCC_WARN_ABOUT_RETURN_TYPE = YES_ERROR;
				GCC_WARN_UNDECLARED_SELECTOR = YES;
				GCC_WARN_UNINITIALIZED_AUTOS = YES_AGGRESSIVE;
				GCC_WARN_UNUSED_FUNCTION = YES;
				GCC_WARN_UNUSED_VARIABLE = YES;
				IPHONEOS_DEPLOYMENT_TARGET = 12.1;
				MTL_ENABLE_DEBUG_INFO = NO;
				MTL_FAST_MATH = YES;
				SDKROOT = iphoneos;
				SWIFT_COMPILATION_MODE = wholemodule;
				SWIFT_OPTIMIZATION_LEVEL = "-O";
				VALIDATE_PRODUCT = YES;
			};
			name = Release;
		};
		266E418621C305BC00F02A7A /* Debug */ = {
			isa = XCBuildConfiguration;
			buildSettings = {
				ASSETCATALOG_COMPILER_APPICON_NAME = AppIcon;
				CODE_SIGN_STYLE = Automatic;
				INFOPLIST_FILE = "$(SRCROOT)/RepresentativeProject/Resources/Info.plist";
				LD_RUNPATH_SEARCH_PATHS = (
					"$(inherited)",
					"@executable_path/Frameworks",
				);
				PRODUCT_BUNDLE_IDENTIFIER = com.bradybentley.RepresentativeProject;
				PRODUCT_NAME = "$(TARGET_NAME)";
				SWIFT_VERSION = 4.2;
				TARGETED_DEVICE_FAMILY = "1,2";
			};
			name = Debug;
		};
		266E418721C305BC00F02A7A /* Release */ = {
			isa = XCBuildConfiguration;
			buildSettings = {
				ASSETCATALOG_COMPILER_APPICON_NAME = AppIcon;
				CODE_SIGN_STYLE = Automatic;
				INFOPLIST_FILE = "$(SRCROOT)/RepresentativeProject/Resources/Info.plist";
				LD_RUNPATH_SEARCH_PATHS = (
					"$(inherited)",
					"@executable_path/Frameworks",
				);
				PRODUCT_BUNDLE_IDENTIFIER = com.bradybentley.RepresentativeProject;
				PRODUCT_NAME = "$(TARGET_NAME)";
				SWIFT_VERSION = 4.2;
				TARGETED_DEVICE_FAMILY = "1,2";
			};
			name = Release;
		};
/* End XCBuildConfiguration section */

/* Begin XCConfigurationList section */
		266E416E21C305BA00F02A7A /* Build configuration list for PBXProject "RepresentativeProject" */ = {
			isa = XCConfigurationList;
			buildConfigurations = (
				266E418321C305BC00F02A7A /* Debug */,
				266E418421C305BC00F02A7A /* Release */,
			);
			defaultConfigurationIsVisible = 0;
			defaultConfigurationName = Release;
		};
		266E418521C305BC00F02A7A /* Build configuration list for PBXNativeTarget "RepresentativeProject" */ = {
			isa = XCConfigurationList;
			buildConfigurations = (
				266E418621C305BC00F02A7A /* Debug */,
				266E418721C305BC00F02A7A /* Release */,
			);
			defaultConfigurationIsVisible = 0;
			defaultConfigurationName = Release;
		};
/* End XCConfigurationList section */
	};
	rootObject = 266E416B21C305BA00F02A7A /* Project object */;
}
